
Microsoft Visual Studio Solution File, Format Version 12.00
# Visual Studio Version 16
VisualStudioVersion = 16.0.31702.278
MinimumVisualStudioVersion = 10.0.40219.1
Project("{9A19103F-16F7-4668-BE54-9A1E7A4F7556}") = "CallExtract", "CallExtract\CallExtract.csproj", "{7FF698BE-3DC8-453C-BFD5-8A8CFE468516}"
EndProject
Project("{9A19103F-16F7-4668-BE54-9A1E7A4F7556}") = "CallExtract.NET", "CallExtract.NET\CallExtract.NET.csproj", "{8B0BD62C-E404-41F7-9377-2AC8C5E9B355}"
EndProject
Project("{FAE04EC0-301F-11D3-BF4B-00C04F79EFBC}") = "CallExtractGUI", "CallExtractGUI\CallExtractGUI.csproj", "{3E30FA80-8F34-4D5C-975B-4F9E19C0EA88}"
EndProject
Global
	GlobalSection(SolutionConfigurationPlatforms) = preSolution
		Debug|Any CPU = Debug|Any CPU
		Release|Any CPU = Release|Any CPU
	EndGlobalSection
	GlobalSection(ProjectConfigurationPlatforms) = postSolution
		{7FF698BE-3DC8-453C-BFD5-8A8CFE468516}.Debug|Any CPU.ActiveCfg = Debug|Any CPU
		{7FF698BE-3DC8-453C-BFD5-8A8CFE468516}.Debug|Any CPU.Build.0 = Debug|Any CPU
		{7FF698BE-3DC8-453C-BFD5-8A8CFE468516}.Release|Any CPU.ActiveCfg = Release|Any CPU
		{7FF698BE-3DC8-453C-BFD5-8A8CFE468516}.Release|Any CPU.Build.0 = Release|Any CPU
		{8B0BD62C-E404-41F7-9377-2AC8C5E9B355}.Debug|Any CPU.ActiveCfg = Debug|Any CPU
		{8B0BD62C-E404-41F7-9377-2AC8C5E9B355}.Debug|Any CPU.Build.0 = Debug|Any CPU
		{8B0BD62C-E404-41F7-9377-2AC8C5E9B355}.Release|Any CPU.ActiveCfg = Release|Any CPU
		{8B0BD62C-E404-41F7-9377-2AC8C5E9B355}.Release|Any CPU.Build.0 = Release|Any CPU
		{3E30FA80-8F34-4D5C-975B-4F9E19C0EA88}.Debug|Any CPU.ActiveCfg = Debug|Any CPU
		{3E30FA80-8F34-4D5C-975B-4F9E19C0EA88}.Debug|Any CPU.Build.0 = Debug|Any CPU
		{3E30FA80-8F34-4D5C-975B-4F9E19C0EA88}.Release|Any CPU.ActiveCfg = Release|Any CPU
		{3E30FA80-8F34-4D5C-975B-4F9E19C0EA88}.Release|Any CPU.Build.0 = Release|Any CPU
	EndGlobalSection
	GlobalSection(SolutionProperties) = preSolution
		HideSolutionNode = FALSE
	EndGlobalSection
	GlobalSection(ExtensibilityGlobals) = postSolution
		SolutionGuid = {8742AEF8-A289-419F-9808-461D2BE23975}
	EndGlobalSection
EndGlobal
